
Microsoft Visual Studio Solution File, Format Version 12.00
# Visual Studio Version 16
VisualStudioVersion = 16.0.28729.10
MinimumVisualStudioVersion = 10.0.40219.1
Project("{9A19103F-16F7-4668-BE54-9A1E7A4F7556}") = "DiscordTopRPG", "DiscordTopRPG\DiscordTopRPG.csproj", "{A7E02CF9-4FE1-467A-8FCE-9FDB07426D98}"
EndProject
Project("{FAE04EC0-301F-11D3-BF4B-00C04F79EFBC}") = "LiteDiscordIdentity", "LiteIdentity\LiteDiscordIdentity.csproj", "{E5E3CF46-9475-4B62-A4D3-6B3F2C14D158}"
EndProject
Global
	GlobalSection(SolutionConfigurationPlatforms) = preSolution
		Debug|Any CPU = Debug|Any CPU
		Release|Any CPU = Release|Any CPU
	EndGlobalSection
	GlobalSection(ProjectConfigurationPlatforms) = postSolution
		{A7E02CF9-4FE1-467A-8FCE-9FDB07426D98}.Debug|Any CPU.ActiveCfg = Debug|Any CPU
		{A7E02CF9-4FE1-467A-8FCE-9FDB07426D98}.Debug|Any CPU.Build.0 = Debug|Any CPU
		{A7E02CF9-4FE1-467A-8FCE-9FDB07426D98}.Release|Any CPU.ActiveCfg = Release|Any CPU
		{A7E02CF9-4FE1-467A-8FCE-9FDB07426D98}.Release|Any CPU.Build.0 = Release|Any CPU
		{E5E3CF46-9475-4B62-A4D3-6B3F2C14D158}.Debug|Any CPU.ActiveCfg = Debug|Any CPU
		{E5E3CF46-9475-4B62-A4D3-6B3F2C14D158}.Debug|Any CPU.Build.0 = Debug|Any CPU
		{E5E3CF46-9475-4B62-A4D3-6B3F2C14D158}.Release|Any CPU.ActiveCfg = Release|Any CPU
		{E5E3CF46-9475-4B62-A4D3-6B3F2C14D158}.Release|Any CPU.Build.0 = Release|Any CPU
	EndGlobalSection
	GlobalSection(SolutionProperties) = preSolution
		HideSolutionNode = FALSE
	EndGlobalSection
	GlobalSection(ExtensibilityGlobals) = postSolution
		SolutionGuid = {765D1AFD-A5CC-43D2-9E02-049DBFF1B9CD}
	EndGlobalSection
EndGlobal
